// !$*UTF8*$!
{
	archiveVersion = 1;
	classes = {
	};
	objectVersion = 48;
	objects = {

/* Begin PBXBuildFile section */
		DE61EFD9201642AF00F9C40D /* AppDelegate.swift in Sources */ = {isa = PBXBuildFile; fileRef = DE61EFD8201642AF00F9C40D /* AppDelegate.swift */; };
		DE61EFDB201642AF00F9C40D /* ViewController.swift in Sources */ = {isa = PBXBuildFile; fileRef = DE61EFDA201642AF00F9C40D /* ViewController.swift */; };
		DE61EFDE201642B000F9C40D /* Main.storyboard in Resources */ = {isa = PBXBuildFile; fileRef = DE61EFDC201642B000F9C40D /* Main.storyboard */; };
		DE61EFE0201642B000F9C40D /* Assets.xcassets in Resources */ = {isa = PBXBuildFile; fileRef = DE61EFDF201642B000F9C40D /* Assets.xcassets */; };
		DE61EFE3201642B000F9C40D /* LaunchScreen.storyboard in Resources */ = {isa = PBXBuildFile; fileRef = DE61EFE1201642B000F9C40D /* LaunchScreen.storyboard */; };
		DE61EFEB20177EAC00F9C40D /* RecordSoundViewController.swift in Sources */ = {isa = PBXBuildFile; fileRef = DE61EFEA20177EAC00F9C40D /* RecordSoundViewController.swift */; };
		DE61EFED201783EE00F9C40D /* PlaySoundViewController.swift in Sources */ = {isa = PBXBuildFile; fileRef = DE61EFEC201783EE00F9C40D /* PlaySoundViewController.swift */; };
		DE61EFEF2017889900F9C40D /* playsoundsviewcontroller-audio.swift in Sources */ = {isa = PBXBuildFile; fileRef = DE61EFEE2017889900F9C40D /* playsoundsviewcontroller-audio.swift */; };
/* End PBXBuildFile section */

/* Begin PBXFileReference section */
		DE61EFD5201642AF00F9C40D /* CustomPitchPerfect.app */ = {isa = PBXFileReference; explicitFileType = wrapper.application; includeInIndex = 0; path = CustomPitchPerfect.app; sourceTree = BUILT_PRODUCTS_DIR; };
		DE61EFD8201642AF00F9C40D /* AppDelegate.swift */ = {isa = PBXFileReference; lastKnownFileType = sourcecode.swift; path = AppDelegate.swift; sourceTree = "<group>"; };
		DE61EFDA201642AF00F9C40D /* ViewController.swift */ = {isa = PBXFileReference; lastKnownFileType = sourcecode.swift; path = ViewController.swift; sourceTree = "<group>"; };
		DE61EFDD201642B000F9C40D /* Base */ = {isa = PBXFileReference; lastKnownFileType = file.storyboard; name = Base; path = Base.lproj/Main.storyboard; sourceTree = "<group>"; };
		DE61EFDF201642B000F9C40D /* Assets.xcassets */ = {isa = PBXFileReference; lastKnownFileType = folder.assetcatalog; path = Assets.xcassets; sourceTree = "<group>"; };
		DE61EFE2201642B000F9C40D /* Base */ = {isa = PBXFileReference; lastKnownFileType = file.storyboard; name = Base; path = Base.lproj/LaunchScreen.storyboard; sourceTree = "<group>"; };
		DE61EFE4201642B000F9C40D /* Info.plist */ = {isa = PBXFileReference; lastKnownFileType = text.plist.xml; path = Info.plist; sourceTree = "<group>"; };
		DE61EFEA20177EAC00F9C40D /* RecordSoundViewController.swift */ = {isa = PBXFileReference; lastKnownFileType = sourcecode.swift; path = RecordSoundViewController.swift; sourceTree = "<group>"; };
		DE61EFEC201783EE00F9C40D /* PlaySoundViewController.swift */ = {isa = PBXFileReference; lastKnownFileType = sourcecode.swift; path = PlaySoundViewController.swift; sourceTree = "<group>"; };
		DE61EFEE2017889900F9C40D /* playsoundsviewcontroller-audio.swift */ = {isa = PBXFileReference; fileEncoding = 4; lastKnownFileType = sourcecode.swift; path = "playsoundsviewcontroller-audio.swift"; sourceTree = "<group>"; };
/* End PBXFileReference section */

/* Begin PBXFrameworksBuildPhase section */
		DE61EFD2201642AF00F9C40D /* Frameworks */ = {
			isa = PBXFrameworksBuildPhase;
			buildActionMask = 2147483647;
			files = (
			);
			runOnlyForDeploymentPostprocessing = 0;
		};
/* End PBXFrameworksBuildPhase section */

/* Begin PBXGroup section */
		DE61EFCC201642AF00F9C40D = {
			isa = PBXGroup;
			children = (
				DE61EFD7201642AF00F9C40D /* CustomPitchPerfect */,
				DE61EFD6201642AF00F9C40D /* Products */,
			);
			sourceTree = "<group>";
		};
		DE61EFD6201642AF00F9C40D /* Products */ = {
			isa = PBXGroup;
			children = (
				DE61EFD5201642AF00F9C40D /* CustomPitchPerfect.app */,
			);
			name = Products;
			sourceTree = "<group>";
		};
		DE61EFD7201642AF00F9C40D /* CustomPitchPerfect */ = {
			isa = PBXGroup;
			children = (
				DE61EFEE2017889900F9C40D /* playsoundsviewcontroller-audio.swift */,
				DE61EFD8201642AF00F9C40D /* AppDelegate.swift */,
				DE61EFDA201642AF00F9C40D /* ViewController.swift */,
				DE61EFDC201642B000F9C40D /* Main.storyboard */,
				DE61EFDF201642B000F9C40D /* Assets.xcassets */,
				DE61EFE1201642B000F9C40D /* LaunchScreen.storyboard */,
				DE61EFE4201642B000F9C40D /* Info.plist */,
				DE61EFEA20177EAC00F9C40D /* RecordSoundViewController.swift */,
				DE61EFEC201783EE00F9C40D /* PlaySoundViewController.swift */,
			);
			path = CustomPitchPerfect;
			sourceTree = "<group>";
		};
/* End PBXGroup section */

/* Begin PBXNativeTarget section */
		DE61EFD4201642AF00F9C40D /* CustomPitchPerfect */ = {
			isa = PBXNativeTarget;
			buildConfigurationList = DE61EFE7201642B000F9C40D /* Build configuration list for PBXNativeTarget "CustomPitchPerfect" */;
			buildPhases = (
				DE61EFD1201642AF00F9C40D /* Sources */,
				DE61EFD2201642AF00F9C40D /* Frameworks */,
				DE61EFD3201642AF00F9C40D /* Resources */,
			);
			buildRules = (
			);
			dependencies = (
			);
			name = CustomPitchPerfect;
			productName = CustomPitchPerfect;
			productReference = DE61EFD5201642AF00F9C40D /* CustomPitchPerfect.app */;
			productType = "com.apple.product-type.application";
		};
/* End PBXNativeTarget section */

/* Begin PBXProject section */
		DE61EFCD201642AF00F9C40D /* Project object */ = {
			isa = PBXProject;
			attributes = {
				LastSwiftUpdateCheck = 0920;
				LastUpgradeCheck = 0920;
				ORGANIZATIONNAME = JarbStudio;
				TargetAttributes = {
					DE61EFD4201642AF00F9C40D = {
						CreatedOnToolsVersion = 9.2;
						ProvisioningStyle = Automatic;
					};
				};
			};
			buildConfigurationList = DE61EFD0201642AF00F9C40D /* Build configuration list for PBXProject "CustomPitchPerfect" */;
			compatibilityVersion = "Xcode 8.0";
			developmentRegion = en;
			hasScannedForEncodings = 0;
			knownRegions = (
				en,
				Base,
			);
			mainGroup = DE61EFCC201642AF00F9C40D;
			productRefGroup = DE61EFD6201642AF00F9C40D /* Products */;
			projectDirPath = "";
			projectRoot = "";
			targets = (
				DE61EFD4201642AF00F9C40D /* CustomPitchPerfect */,
			);
		};
/* End PBXProject section */

/* Begin PBXResourcesBuildPhase section */
		DE61EFD3201642AF00F9C40D /* Resources */ = {
			isa = PBXResourcesBuildPhase;
			buildActionMask = 2147483647;
			files = (
				DE61EFE3201642B000F9C40D /* LaunchScreen.storyboard in Resources */,
				DE61EFE0201642B000F9C40D /* Assets.xcassets in Resources */,
				DE61EFDE201642B000F9C40D /* Main.storyboard in Resources */,
			);
			runOnlyForDeploymentPostprocessing = 0;
		};
/* End PBXResourcesBuildPhase section */

/* Begin PBXSourcesBuildPhase section */
		DE61EFD1201642AF00F9C40D /* Sources */ = {
			isa = PBXSourcesBuildPhase;
			buildActionMask = 2147483647;
			files = (
				DE61EFDB201642AF00F9C40D /* ViewController.swift in Sources */,
				DE61EFEF2017889900F9C40D /* playsoundsviewcontroller-audio.swift in Sources */,
				DE61EFEB20177EAC00F9C40D /* RecordSoundViewController.swift in Sources */,
				DE61EFED201783EE00F9C40D /* PlaySoundViewController.swift in Sources */,
				DE61EFD9201642AF00F9C40D /* AppDelegate.swift in Sources */,
			);
			runOnlyForDeploymentPostprocessing = 0;
		};
/* End PBXSourcesBuildPhase section */

/* Begin PBXVariantGroup section */
		DE61EFDC201642B000F9C40D /* Main.storyboard */ = {
			isa = PBXVariantGroup;
			children = (
				DE61EFDD201642B000F9C40D /* Base */,
			);
			name = Main.storyboard;
			sourceTree = "<group>";
		};
		DE61EFE1201642B000F9C40D /* LaunchScreen.storyboard */ = {
			isa = PBXVariantGroup;
			children = (
				DE61EFE2201642B000F9C40D /* Base */,
			);
			name = LaunchScreen.storyboard;
			sourceTree = "<group>";
		};
/* End PBXVariantGroup section */

/* Begin XCBuildConfiguration section */
		DE61EFE5201642B000F9C40D /* Debug */ = {
			isa = XCBuildConfiguration;
			buildSettings = {
				ALWAYS_SEARCH_USER_PATHS = NO;
				CLANG_ANALYZER_NONNULL = YES;
				CLANG_ANALYZER_NUMBER_OBJECT_CONVERSION = YES_AGGRESSIVE;
				CLANG_CXX_LANGUAGE_STANDARD = "gnu++14";
				CLANG_CXX_LIBRARY = "libc++";
				CLANG_ENABLE_MODULES = YES;
				CLANG_ENABLE_OBJC_ARC = YES;
				CLANG_WARN_BLOCK_CAPTURE_AUTORELEASING = YES;
				CLANG_WARN_BOOL_CONVERSION = YES;
				CLANG_WARN_COMMA = YES;
				CLANG_WARN_CONSTANT_CONVERSION = YES;
				CLANG_WARN_DIRECT_OBJC_ISA_USAGE = YES_ERROR;
				CLANG_WARN_DOCUMENTATION_COMMENTS = YES;
				CLANG_WARN_EMPTY_BODY = YES;
				CLANG_WARN_ENUM_CONVERSION = YES;
				CLANG_WARN_INFINITE_RECURSION = YES;
				CLANG_WARN_INT_CONVERSION = YES;
				CLANG_WARN_NON_LITERAL_NULL_CONVERSION = YES;
				CLANG_WARN_OBJC_LITERAL_CONVERSION = YES;
				CLANG_WARN_OBJC_ROOT_CLASS = YES_ERROR;
				CLANG_WARN_RANGE_LOOP_ANALYSIS = YES;
				CLANG_WARN_STRICT_PROTOTYPES = YES;
				CLANG_WARN_SUSPICIOUS_MOVE = YES;
				CLANG_WARN_UNGUARDED_AVAILABILITY = YES_AGGRESSIVE;
				CLANG_WARN_UNREACHABLE_CODE = YES;
				CLANG_WARN__DUPLICATE_METHOD_MATCH = YES;
				CODE_SIGN_IDENTITY = "iPhone Developer";
				COPY_PHASE_STRIP = NO;
				DEBUG_INFORMATION_FORMAT = dwarf;
				ENABLE_STRICT_OBJC_MSGSEND = YES;
				ENABLE_TESTABILITY = YES;
				GCC_C_LANGUAGE_STANDARD = gnu11;
				GCC_DYNAMIC_NO_PIC = NO;
				GCC_NO_COMMON_BLOCKS = YES;
				GCC_OPTIMIZATION_LEVEL = 0;
				GCC_PREPROCESSOR_DEFINITIONS = (
					"DEBUG=1",
					"$(inherited)",
				);
				GCC_WARN_64_TO_32_BIT_CONVERSION = YES;
				GCC_WARN_ABOUT_RETURN_TYPE = YES_ERROR;
				GCC_WARN_UNDECLARED_SELECTOR = YES;
				GCC_WARN_UNINITIALIZED_AUTOS = YES_AGGRESSIVE;
				GCC_WARN_UNUSED_FUNCTION = YES;
				GCC_WARN_UNUSED_VARIABLE = YES;
				IPHONEOS_DEPLOYMENT_TARGET = 11.2;
				MTL_ENABLE_DEBUG_INFO = YES;
				ONLY_ACTIVE_ARCH = YES;
				SDKROOT = iphoneos;
				SWIFT_ACTIVE_COMPILATION_CONDITIONS = DEBUG;
				SWIFT_OPTIMIZATION_LEVEL = "-Onone";
			};
			name = Debug;
		};
		DE61EFE6201642B000F9C40D /* Release */ = {
			isa = XCBuildConfiguration;
			buildSettings = {
				ALWAYS_SEARCH_USER_PATHS = NO;
				CLANG_ANALYZER_NONNULL = YES;
				CLANG_ANALYZER_NUMBER_OBJECT_CONVERSION = YES_AGGRESSIVE;
				CLANG_CXX_LANGUAGE_STANDARD = "gnu++14";
				CLANG_CXX_LIBRARY = "libc++";
				CLANG_ENABLE_MODULES = YES;
				CLANG_ENABLE_OBJC_ARC = YES;
				CLANG_WARN_BLOCK_CAPTURE_AUTORELEASING = YES;
				CLANG_WARN_BOOL_CONVERSION = YES;
				CLANG_WARN_COMMA = YES;
				CLANG_WARN_CONSTANT_CONVERSION = YES;
				CLANG_WARN_DIRECT_OBJC_ISA_USAGE = YES_ERROR;
				CLANG_WARN_DOCUMENTATION_COMMENTS = YES;
				CLANG_WARN_EMPTY_BODY = YES;
				CLANG_WARN_ENUM_CONVERSION = YES;
				CLANG_WARN_INFINITE_RECURSION = YES;
				CLANG_WARN_INT_CONVERSION = YES;
				CLANG_WARN_NON_LITERAL_NULL_CONVERSION = YES;
				CLANG_WARN_OBJC_LITERAL_CONVERSION = YES;
				CLANG_WARN_OBJC_ROOT_CLASS = YES_ERROR;
				CLANG_WARN_RANGE_LOOP_ANALYSIS = YES;
				CLANG_WARN_STRICT_PROTOTYPES = YES;
				CLANG_WARN_SUSPICIOUS_MOVE = YES;
				CLANG_WARN_UNGUARDED_AVAILABILITY = YES_AGGRESSIVE;
				CLANG_WARN_UNREACHABLE_CODE = YES;
				CLANG_WARN__DUPLICATE_METHOD_MATCH = YES;
				CODE_SIGN_IDENTITY = "iPhone Developer";
				COPY_PHASE_STRIP = NO;
				DEBUG_INFORMATION_FORMAT = "dwarf-with-dsym";
				ENABLE_NS_ASSERTIONS = NO;
				ENABLE_STRICT_OBJC_MSGSEND = YES;
				GCC_C_LANGUAGE_STANDARD = gnu11;
				GCC_NO_COMMON_BLOCKS = YES;
				GCC_WARN_64_TO_32_BIT_CONVERSION = YES;
				GCC_WARN_ABOUT_RETURN_TYPE = YES_ERROR;
				GCC_WARN_UNDECLARED_SELECTOR = YES;
				GCC_WARN_UNINITIALIZED_AUTOS = YES_AGGRESSIVE;
				GCC_WARN_UNUSED_FUNCTION = YES;
				GCC_WARN_UNUSED_VARIABLE = YES;
				IPHONEOS_DEPLOYMENT_TARGET = 11.2;
				MTL_ENABLE_DEBUG_INFO = NO;
				SDKROOT = iphoneos;
				SWIFT_OPTIMIZATION_LEVEL = "-Owholemodule";
				VALIDATE_PRODUCT = YES;
			};
			name = Release;
		};
		DE61EFE8201642B000F9C40D /* Debug */ = {
			isa = XCBuildConfiguration;
			buildSettings = {
				ASSETCATALOG_COMPILER_APPICON_NAME = AppIcon;
				CODE_SIGN_STYLE = Automatic;
				INFOPLIST_FILE = CustomPitchPerfect/Info.plist;
				LD_RUNPATH_SEARCH_PATHS = "$(inherited) @executable_path/Frameworks";
				PRODUCT_BUNDLE_IDENTIFIER = com.jarbstudio.CustomPitchPerfect;
				PRODUCT_NAME = "$(TARGET_NAME)";
				SWIFT_VERSION = 4.0;
				TARGETED_DEVICE_FAMILY = "1,2";
			};
			name = Debug;
		};
		DE61EFE9201642B000F9C40D /* Release */ = {
			isa = XCBuildConfiguration;
			buildSettings = {
				ASSETCATALOG_COMPILER_APPICON_NAME = AppIcon;
				CODE_SIGN_STYLE = Automatic;
				INFOPLIST_FILE = CustomPitchPerfect/Info.plist;
				LD_RUNPATH_SEARCH_PATHS = "$(inherited) @executable_path/Frameworks";
				PRODUCT_BUNDLE_IDENTIFIER = com.jarbstudio.CustomPitchPerfect;
				PRODUCT_NAME = "$(TARGET_NAME)";
				SWIFT_VERSION = 4.0;
				TARGETED_DEVICE_FAMILY = "1,2";
			};
			name = Release;
		};
/* End XCBuildConfiguration section */

/* Begin XCConfigurationList section */
		DE61EFD0201642AF00F9C40D /* Build configuration list for PBXProject "CustomPitchPerfect" */ = {
			isa = XCConfigurationList;
			buildConfigurations = (
				DE61EFE5201642B000F9C40D /* Debug */,
				DE61EFE6201642B000F9C40D /* Release */,
			);
			defaultConfigurationIsVisible = 0;
			defaultConfigurationName = Release;
		};
		DE61EFE7201642B000F9C40D /* Build configuration list for PBXNativeTarget "CustomPitchPerfect" */ = {
			isa = XCConfigurationList;
			buildConfigurations = (
				DE61EFE8201642B000F9C40D /* Debug */,
				DE61EFE9201642B000F9C40D /* Release */,
			);
			defaultConfigurationIsVisible = 0;
			defaultConfigurationName = Release;
		};
/* End XCConfigurationList section */
	};
	rootObject = DE61EFCD201642AF00F9C40D /* Project object */;
}
